// !$*UTF8*$!
{
	archiveVersion = 1;
	classes = {
	};
	objectVersion = 56;
	objects = {

/* Begin PBXBuildFile section */
		F7A0FC08293A0EDD0012899D /* FlightUIAppApp.swift in Sources */ = {isa = PBXBuildFile; fileRef = F7A0FC07293A0EDD0012899D /* FlightUIAppApp.swift */; };
		F7A0FC0A293A0EDD0012899D /* ContentView.swift in Sources */ = {isa = PBXBuildFile; fileRef = F7A0FC09293A0EDD0012899D /* ContentView.swift */; };
		F7A0FC0C293A0EDE0012899D /* Assets.xcassets in Resources */ = {isa = PBXBuildFile; fileRef = F7A0FC0B293A0EDE0012899D /* Assets.xcassets */; };
		F7A0FC0F293A0EDE0012899D /* Preview Assets.xcassets in Resources */ = {isa = PBXBuildFile; fileRef = F7A0FC0E293A0EDE0012899D /* Preview Assets.xcassets */; };
		F7A0FC19293A0EDE0012899D /* FlightUIAppTests.swift in Sources */ = {isa = PBXBuildFile; fileRef = F7A0FC18293A0EDE0012899D /* FlightUIAppTests.swift */; };
		F7A0FC23293A0EDE0012899D /* FlightUIAppUITests.swift in Sources */ = {isa = PBXBuildFile; fileRef = F7A0FC22293A0EDE0012899D /* FlightUIAppUITests.swift */; };
		F7A0FC25293A0EDE0012899D /* FlightUIAppUITestsLaunchTests.swift in Sources */ = {isa = PBXBuildFile; fileRef = F7A0FC24293A0EDE0012899D /* FlightUIAppUITestsLaunchTests.swift */; };
/* End PBXBuildFile section */

/* Begin PBXContainerItemProxy section */
		F7A0FC15293A0EDE0012899D /* PBXContainerItemProxy */ = {
			isa = PBXContainerItemProxy;
			containerPortal = F7A0FBFC293A0EDD0012899D /* Project object */;
			proxyType = 1;
			remoteGlobalIDString = F7A0FC03293A0EDD0012899D;
			remoteInfo = FlightUIApp;
		};
		F7A0FC1F293A0EDE0012899D /* PBXContainerItemProxy */ = {
			isa = PBXContainerItemProxy;
			containerPortal = F7A0FBFC293A0EDD0012899D /* Project object */;
			proxyType = 1;
			remoteGlobalIDString = F7A0FC03293A0EDD0012899D;
			remoteInfo = FlightUIApp;
		};
/* End PBXContainerItemProxy section */

/* Begin PBXFileReference section */
		F7A0FC04293A0EDD0012899D /* FlightUIApp.app */ = {isa = PBXFileReference; explicitFileType = wrapper.application; includeInIndex = 0; path = FlightUIApp.app; sourceTree = BUILT_PRODUCTS_DIR; };
		F7A0FC07293A0EDD0012899D /* FlightUIAppApp.swift */ = {isa = PBXFileReference; lastKnownFileType = sourcecode.swift; path = FlightUIAppApp.swift; sourceTree = "<group>"; };
		F7A0FC09293A0EDD0012899D /* ContentView.swift */ = {isa = PBXFileReference; lastKnownFileType = sourcecode.swift; path = ContentView.swift; sourceTree = "<group>"; };
		F7A0FC0B293A0EDE0012899D /* Assets.xcassets */ = {isa = PBXFileReference; lastKnownFileType = folder.assetcatalog; path = Assets.xcassets; sourceTree = "<group>"; };
		F7A0FC0E293A0EDE0012899D /* Preview Assets.xcassets */ = {isa = PBXFileReference; lastKnownFileType = folder.assetcatalog; path = "Preview Assets.xcassets"; sourceTree = "<group>"; };
		F7A0FC14293A0EDE0012899D /* FlightUIAppTests.xctest */ = {isa = PBXFileReference; explicitFileType = wrapper.cfbundle; includeInIndex = 0; path = FlightUIAppTests.xctest; sourceTree = BUILT_PRODUCTS_DIR; };
		F7A0FC18293A0EDE0012899D /* FlightUIAppTests.swift */ = {isa = PBXFileReference; lastKnownFileType = sourcecode.swift; path = FlightUIAppTests.swift; sourceTree = "<group>"; };
		F7A0FC1E293A0EDE0012899D /* FlightUIAppUITests.xctest */ = {isa = PBXFileReference; explicitFileType = wrapper.cfbundle; includeInIndex = 0; path = FlightUIAppUITests.xctest; sourceTree = BUILT_PRODUCTS_DIR; };
		F7A0FC22293A0EDE0012899D /* FlightUIAppUITests.swift */ = {isa = PBXFileReference; lastKnownFileType = sourcecode.swift; path = FlightUIAppUITests.swift; sourceTree = "<group>"; };
		F7A0FC24293A0EDE0012899D /* FlightUIAppUITestsLaunchTests.swift */ = {isa = PBXFileReference; lastKnownFileType = sourcecode.swift; path = FlightUIAppUITestsLaunchTests.swift; sourceTree = "<group>"; };
/* End PBXFileReference section */

/* Begin PBXFrameworksBuildPhase section */
		F7A0FC01293A0EDD0012899D /* Frameworks */ = {
			isa = PBXFrameworksBuildPhase;
			buildActionMask = 2147483647;
			files = (
			);
			runOnlyForDeploymentPostprocessing = 0;
		};
		F7A0FC11293A0EDE0012899D /* Frameworks */ = {
			isa = PBXFrameworksBuildPhase;
			buildActionMask = 2147483647;
			files = (
			);
			runOnlyForDeploymentPostprocessing = 0;
		};
		F7A0FC1B293A0EDE0012899D /* Frameworks */ = {
			isa = PBXFrameworksBuildPhase;
			buildActionMask = 2147483647;
			files = (
			);
			runOnlyForDeploymentPostprocessing = 0;
		};
/* End PBXFrameworksBuildPhase section */

/* Begin PBXGroup section */
		F7A0FBFB293A0EDD0012899D = {
			isa = PBXGroup;
			children = (
				F7A0FC06293A0EDD0012899D /* FlightUIApp */,
				F7A0FC17293A0EDE0012899D /* FlightUIAppTests */,
				F7A0FC21293A0EDE0012899D /* FlightUIAppUITests */,
				F7A0FC05293A0EDD0012899D /* Products */,
			);
			sourceTree = "<group>";
		};
		F7A0FC05293A0EDD0012899D /* Products */ = {
			isa = PBXGroup;
			children = (
				F7A0FC04293A0EDD0012899D /* FlightUIApp.app */,
				F7A0FC14293A0EDE0012899D /* FlightUIAppTests.xctest */,
				F7A0FC1E293A0EDE0012899D /* FlightUIAppUITests.xctest */,
			);
			name = Products;
			sourceTree = "<group>";
		};
		F7A0FC06293A0EDD0012899D /* FlightUIApp */ = {
			isa = PBXGroup;
			children = (
				F7A0FC07293A0EDD0012899D /* FlightUIAppApp.swift */,
				F7A0FC09293A0EDD0012899D /* ContentView.swift */,
				F7A0FC0B293A0EDE0012899D /* Assets.xcassets */,
				F7A0FC0D293A0EDE0012899D /* Preview Content */,
			);
			path = FlightUIApp;
			sourceTree = "<group>";
		};
		F7A0FC0D293A0EDE0012899D /* Preview Content */ = {
			isa = PBXGroup;
			children = (
				F7A0FC0E293A0EDE0012899D /* Preview Assets.xcassets */,
			);
			path = "Preview Content";
			sourceTree = "<group>";
		};
		F7A0FC17293A0EDE0012899D /* FlightUIAppTests */ = {
			isa = PBXGroup;
			children = (
				F7A0FC18293A0EDE0012899D /* FlightUIAppTests.swift */,
			);
			path = FlightUIAppTests;
			sourceTree = "<group>";
		};
		F7A0FC21293A0EDE0012899D /* FlightUIAppUITests */ = {
			isa = PBXGroup;
			children = (
				F7A0FC22293A0EDE0012899D /* FlightUIAppUITests.swift */,
				F7A0FC24293A0EDE0012899D /* FlightUIAppUITestsLaunchTests.swift */,
			);
			path = FlightUIAppUITests;
			sourceTree = "<group>";
		};
/* End PBXGroup section */

/* Begin PBXNativeTarget section */
		F7A0FC03293A0EDD0012899D /* FlightUIApp */ = {
			isa = PBXNativeTarget;
			buildConfigurationList = F7A0FC28293A0EDE0012899D /* Build configuration list for PBXNativeTarget "FlightUIApp" */;
			buildPhases = (
				F7A0FC00293A0EDD0012899D /* Sources */,
				F7A0FC01293A0EDD0012899D /* Frameworks */,
				F7A0FC02293A0EDD0012899D /* Resources */,
			);
			buildRules = (
			);
			dependencies = (
			);
			name = FlightUIApp;
			productName = FlightUIApp;
			productReference = F7A0FC04293A0EDD0012899D /* FlightUIApp.app */;
			productType = "com.apple.product-type.application";
		};
		F7A0FC13293A0EDE0012899D /* FlightUIAppTests */ = {
			isa = PBXNativeTarget;
			buildConfigurationList = F7A0FC2B293A0EDE0012899D /* Build configuration list for PBXNativeTarget "FlightUIAppTests" */;
			buildPhases = (
				F7A0FC10293A0EDE0012899D /* Sources */,
				F7A0FC11293A0EDE0012899D /* Frameworks */,
				F7A0FC12293A0EDE0012899D /* Resources */,
			);
			buildRules = (
			);
			dependencies = (
				F7A0FC16293A0EDE0012899D /* PBXTargetDependency */,
			);
			name = FlightUIAppTests;
			productName = FlightUIAppTests;
			productReference = F7A0FC14293A0EDE0012899D /* FlightUIAppTests.xctest */;
			productType = "com.apple.product-type.bundle.unit-test";
		};
		F7A0FC1D293A0EDE0012899D /* FlightUIAppUITests */ = {
			isa = PBXNativeTarget;
			buildConfigurationList = F7A0FC2E293A0EDE0012899D /* Build configuration list for PBXNativeTarget "FlightUIAppUITests" */;
			buildPhases = (
				F7A0FC1A293A0EDE0012899D /* Sources */,
				F7A0FC1B293A0EDE0012899D /* Frameworks */,
				F7A0FC1C293A0EDE0012899D /* Resources */,
			);
			buildRules = (
			);
			dependencies = (
				F7A0FC20293A0EDE0012899D /* PBXTargetDependency */,
			);
			name = FlightUIAppUITests;
			productName = FlightUIAppUITests;
			productReference = F7A0FC1E293A0EDE0012899D /* FlightUIAppUITests.xctest */;
			productType = "com.apple.product-type.bundle.ui-testing";
		};
/* End PBXNativeTarget section */

/* Begin PBXProject section */
		F7A0FBFC293A0EDD0012899D /* Project object */ = {
			isa = PBXProject;
			attributes = {
				BuildIndependentTargetsInParallel = 1;
				LastSwiftUpdateCheck = 1410;
				LastUpgradeCheck = 1410;
				TargetAttributes = {
					F7A0FC03293A0EDD0012899D = {
						CreatedOnToolsVersion = 14.1;
					};
					F7A0FC13293A0EDE0012899D = {
						CreatedOnToolsVersion = 14.1;
						TestTargetID = F7A0FC03293A0EDD0012899D;
					};
					F7A0FC1D293A0EDE0012899D = {
						CreatedOnToolsVersion = 14.1;
						TestTargetID = F7A0FC03293A0EDD0012899D;
					};
				};
			};
			buildConfigurationList = F7A0FBFF293A0EDD0012899D /* Build configuration list for PBXProject "FlightUIApp" */;
			compatibilityVersion = "Xcode 14.0";
			developmentRegion = en;
			hasScannedForEncodings = 0;
			knownRegions = (
				en,
				Base,
			);
			mainGroup = F7A0FBFB293A0EDD0012899D;
			productRefGroup = F7A0FC05293A0EDD0012899D /* Products */;
			projectDirPath = "";
			projectRoot = "";
			targets = (
				F7A0FC03293A0EDD0012899D /* FlightUIApp */,
				F7A0FC13293A0EDE0012899D /* FlightUIAppTests */,
				F7A0FC1D293A0EDE0012899D /* FlightUIAppUITests */,
			);
		};
/* End PBXProject section */

/* Begin PBXResourcesBuildPhase section */
		F7A0FC02293A0EDD0012899D /* Resources */ = {
			isa = PBXResourcesBuildPhase;
			buildActionMask = 2147483647;
			files = (
				F7A0FC0F293A0EDE0012899D /* Preview Assets.xcassets in Resources */,
				F7A0FC0C293A0EDE0012899D /* Assets.xcassets in Resources */,
			);
			runOnlyForDeploymentPostprocessing = 0;
		};
		F7A0FC12293A0EDE0012899D /* Resources */ = {
			isa = PBXResourcesBuildPhase;
			buildActionMask = 2147483647;
			files = (
			);
			runOnlyForDeploymentPostprocessing = 0;
		};
		F7A0FC1C293A0EDE0012899D /* Resources */ = {
			isa = PBXResourcesBuildPhase;
			buildActionMask = 2147483647;
			files = (
			);
			runOnlyForDeploymentPostprocessing = 0;
		};
/* End PBXResourcesBuildPhase section */

/* Begin PBXSourcesBuildPhase section */
		F7A0FC00293A0EDD0012899D /* Sources */ = {
			isa = PBXSourcesBuildPhase;
			buildActionMask = 2147483647;
			files = (
				F7A0FC0A293A0EDD0012899D /* ContentView.swift in Sources */,
				F7A0FC08293A0EDD0012899D /* FlightUIAppApp.swift in Sources */,
			);
			runOnlyForDeploymentPostprocessing = 0;
		};
		F7A0FC10293A0EDE0012899D /* Sources */ = {
			isa = PBXSourcesBuildPhase;
			buildActionMask = 2147483647;
			files = (
				F7A0FC19293A0EDE0012899D /* FlightUIAppTests.swift in Sources */,
			);
			runOnlyForDeploymentPostprocessing = 0;
		};
		F7A0FC1A293A0EDE0012899D /* Sources */ = {
			isa = PBXSourcesBuildPhase;
			buildActionMask = 2147483647;
			files = (
				F7A0FC25293A0EDE0012899D /* FlightUIAppUITestsLaunchTests.swift in Sources */,
				F7A0FC23293A0EDE0012899D /* FlightUIAppUITests.swift in Sources */,
			);
			runOnlyForDeploymentPostprocessing = 0;
		};
/* End PBXSourcesBuildPhase section */

/* Begin PBXTargetDependency section */
		F7A0FC16293A0EDE0012899D /* PBXTargetDependency */ = {
			isa = PBXTargetDependency;
			target = F7A0FC03293A0EDD0012899D /* FlightUIApp */;
			targetProxy = F7A0FC15293A0EDE0012899D /* PBXContainerItemProxy */;
		};
		F7A0FC20293A0EDE0012899D /* PBXTargetDependency */ = {
			isa = PBXTargetDependency;
			target = F7A0FC03293A0EDD0012899D /* FlightUIApp */;
			targetProxy = F7A0FC1F293A0EDE0012899D /* PBXContainerItemProxy */;
		};
/* End PBXTargetDependency section */

/* Begin XCBuildConfiguration section */
		F7A0FC26293A0EDE0012899D /* Debug */ = {
			isa = XCBuildConfiguration;
			buildSettings = {
				ALWAYS_SEARCH_USER_PATHS = NO;
				CLANG_ANALYZER_NONNULL = YES;
				CLANG_ANALYZER_NUMBER_OBJECT_CONVERSION = YES_AGGRESSIVE;
				CLANG_CXX_LANGUAGE_STANDARD = "gnu++20";
				CLANG_ENABLE_MODULES = YES;
				CLANG_ENABLE_OBJC_ARC = YES;
				CLANG_ENABLE_OBJC_WEAK = YES;
				CLANG_WARN_BLOCK_CAPTURE_AUTORELEASING = YES;
				CLANG_WARN_BOOL_CONVERSION = YES;
				CLANG_WARN_COMMA = YES;
				CLANG_WARN_CONSTANT_CONVERSION = YES;
				CLANG_WARN_DEPRECATED_OBJC_IMPLEMENTATIONS = YES;
				CLANG_WARN_DIRECT_OBJC_ISA_USAGE = YES_ERROR;
				CLANG_WARN_DOCUMENTATION_COMMENTS = YES;
				CLANG_WARN_EMPTY_BODY = YES;
				CLANG_WARN_ENUM_CONVERSION = YES;
				CLANG_WARN_INFINITE_RECURSION = YES;
				CLANG_WARN_INT_CONVERSION = YES;
				CLANG_WARN_NON_LITERAL_NULL_CONVERSION = YES;
				CLANG_WARN_OBJC_IMPLICIT_RETAIN_SELF = YES;
				CLANG_WARN_OBJC_LITERAL_CONVERSION = YES;
				CLANG_WARN_OBJC_ROOT_CLASS = YES_ERROR;
				CLANG_WARN_QUOTED_INCLUDE_IN_FRAMEWORK_HEADER = YES;
				CLANG_WARN_RANGE_LOOP_ANALYSIS = YES;
				CLANG_WARN_STRICT_PROTOTYPES = YES;
				CLANG_WARN_SUSPICIOUS_MOVE = YES;
				CLANG_WARN_UNGUARDED_AVAILABILITY = YES_AGGRESSIVE;
				CLANG_WARN_UNREACHABLE_CODE = YES;
				CLANG_WARN__DUPLICATE_METHOD_MATCH = YES;
				COPY_PHASE_STRIP = NO;
				DEBUG_INFORMATION_FORMAT = dwarf;
				ENABLE_STRICT_OBJC_MSGSEND = YES;
				ENABLE_TESTABILITY = YES;
				GCC_C_LANGUAGE_STANDARD = gnu11;
				GCC_DYNAMIC_NO_PIC = NO;
				GCC_NO_COMMON_BLOCKS = YES;
				GCC_OPTIMIZATION_LEVEL = 0;
				GCC_PREPROCESSOR_DEFINITIONS = (
					"DEBUG=1",
					"$(inherited)",
				);
				GCC_WARN_64_TO_32_BIT_CONVERSION = YES;
				GCC_WARN_ABOUT_RETURN_TYPE = YES_ERROR;
				GCC_WARN_UNDECLARED_SELECTOR = YES;
				GCC_WARN_UNINITIALIZED_AUTOS = YES_AGGRESSIVE;
				GCC_WARN_UNUSED_FUNCTION = YES;
				GCC_WARN_UNUSED_VARIABLE = YES;
				IPHONEOS_DEPLOYMENT_TARGET = 16.1;
				MTL_ENABLE_DEBUG_INFO = INCLUDE_SOURCE;
				MTL_FAST_MATH = YES;
				ONLY_ACTIVE_ARCH = YES;
				SDKROOT = iphoneos;
				SWIFT_ACTIVE_COMPILATION_CONDITIONS = DEBUG;
				SWIFT_OPTIMIZATION_LEVEL = "-Onone";
			};
			name = Debug;
		};
		F7A0FC27293A0EDE0012899D /* Release */ = {
			isa = XCBuildConfiguration;
			buildSettings = {
				ALWAYS_SEARCH_USER_PATHS = NO;
				CLANG_ANALYZER_NONNULL = YES;
				CLANG_ANALYZER_NUMBER_OBJECT_CONVERSION = YES_AGGRESSIVE;
				CLANG_CXX_LANGUAGE_STANDARD = "gnu++20";
				CLANG_ENABLE_MODULES = YES;
				CLANG_ENABLE_OBJC_ARC = YES;
				CLANG_ENABLE_OBJC_WEAK = YES;
				CLANG_WARN_BLOCK_CAPTURE_AUTORELEASING = YES;
				CLANG_WARN_BOOL_CONVERSION = YES;
				CLANG_WARN_COMMA = YES;
				CLANG_WARN_CONSTANT_CONVERSION = YES;
				CLANG_WARN_DEPRECATED_OBJC_IMPLEMENTATIONS = YES;
				CLANG_WARN_DIRECT_OBJC_ISA_USAGE = YES_ERROR;
				CLANG_WARN_DOCUMENTATION_COMMENTS = YES;
				CLANG_WARN_EMPTY_BODY = YES;
				CLANG_WARN_ENUM_CONVERSION = YES;
				CLANG_WARN_INFINITE_RECURSION = YES;
				CLANG_WARN_INT_CONVERSION = YES;
				CLANG_WARN_NON_LITERAL_NULL_CONVERSION = YES;
				CLANG_WARN_OBJC_IMPLICIT_RETAIN_SELF = YES;
				CLANG_WARN_OBJC_LITERAL_CONVERSION = YES;
				CLANG_WARN_OBJC_ROOT_CLASS = YES_ERROR;
				CLANG_WARN_QUOTED_INCLUDE_IN_FRAMEWORK_HEADER = YES;
				CLANG_WARN_RANGE_LOOP_ANALYSIS = YES;
				CLANG_WARN_STRICT_PROTOTYPES = YES;
				CLANG_WARN_SUSPICIOUS_MOVE = YES;
				CLANG_WARN_UNGUARDED_AVAILABILITY = YES_AGGRESSIVE;
				CLANG_WARN_UNREACHABLE_CODE = YES;
				CLANG_WARN__DUPLICATE_METHOD_MATCH = YES;
				COPY_PHASE_STRIP = NO;
				DEBUG_INFORMATION_FORMAT = "dwarf-with-dsym";
				ENABLE_NS_ASSERTIONS = NO;
				ENABLE_STRICT_OBJC_MSGSEND = YES;
				GCC_C_LANGUAGE_STANDARD = gnu11;
				GCC_NO_COMMON_BLOCKS = YES;
				GCC_WARN_64_TO_32_BIT_CONVERSION = YES;
				GCC_WARN_ABOUT_RETURN_TYPE = YES_ERROR;
				GCC_WARN_UNDECLARED_SELECTOR = YES;
				GCC_WARN_UNINITIALIZED_AUTOS = YES_AGGRESSIVE;
				GCC_WARN_UNUSED_FUNCTION = YES;
				GCC_WARN_UNUSED_VARIABLE = YES;
				IPHONEOS_DEPLOYMENT_TARGET = 16.1;
				MTL_ENABLE_DEBUG_INFO = NO;
				MTL_FAST_MATH = YES;
				SDKROOT = iphoneos;
				SWIFT_COMPILATION_MODE = wholemodule;
				SWIFT_OPTIMIZATION_LEVEL = "-O";
				VALIDATE_PRODUCT = YES;
			};
			name = Release;
		};
		F7A0FC29293A0EDE0012899D /* Debug */ = {
			isa = XCBuildConfiguration;
			buildSettings = {
				ASSETCATALOG_COMPILER_APPICON_NAME = AppIcon;
				ASSETCATALOG_COMPILER_GLOBAL_ACCENT_COLOR_NAME = AccentColor;
				CODE_SIGN_STYLE = Automatic;
				CURRENT_PROJECT_VERSION = 1;
				DEVELOPMENT_ASSET_PATHS = "\"FlightUIApp/Preview Content\"";
				DEVELOPMENT_TEAM = 5PRV5PD957;
				ENABLE_PREVIEWS = YES;
				GENERATE_INFOPLIST_FILE = YES;
				INFOPLIST_KEY_UIApplicationSceneManifest_Generation = YES;
				INFOPLIST_KEY_UIApplicationSupportsIndirectInputEvents = YES;
				INFOPLIST_KEY_UILaunchScreen_Generation = YES;
				INFOPLIST_KEY_UISupportedInterfaceOrientations_iPad = "UIInterfaceOrientationPortrait UIInterfaceOrientationPortraitUpsideDown UIInterfaceOrientationLandscapeLeft UIInterfaceOrientationLandscapeRight";
				INFOPLIST_KEY_UISupportedInterfaceOrientations_iPhone = "UIInterfaceOrientationPortrait UIInterfaceOrientationLandscapeLeft UIInterfaceOrientationLandscapeRight";
				LD_RUNPATH_SEARCH_PATHS = (
					"$(inherited)",
					"@executable_path/Frameworks",
				);
				MARKETING_VERSION = 1.0;
				PRODUCT_BUNDLE_IDENTIFIER = com.appivate.FlightUIApp;
				PRODUCT_NAME = "$(TARGET_NAME)";
				SWIFT_EMIT_LOC_STRINGS = YES;
				SWIFT_VERSION = 5.0;
				TARGETED_DEVICE_FAMILY = "1,2";
			};
			name = Debug;
		};
		F7A0FC2A293A0EDE0012899D /* Release */ = {
			isa = XCBuildConfiguration;
			buildSettings = {
				ASSETCATALOG_COMPILER_APPICON_NAME = AppIcon;
				ASSETCATALOG_COMPILER_GLOBAL_ACCENT_COLOR_NAME = AccentColor;
				CODE_SIGN_STYLE = Automatic;
				CURRENT_PROJECT_VERSION = 1;
				DEVELOPMENT_ASSET_PATHS = "\"FlightUIApp/Preview Content\"";
				DEVELOPMENT_TEAM = 5PRV5PD957;
				ENABLE_PREVIEWS = YES;
				GENERATE_INFOPLIST_FILE = YES;
				INFOPLIST_KEY_UIApplicationSceneManifest_Generation = YES;
				INFOPLIST_KEY_UIApplicationSupportsIndirectInputEvents = YES;
				INFOPLIST_KEY_UILaunchScreen_Generation = YES;
				INFOPLIST_KEY_UISupportedInterfaceOrientations_iPad = "UIInterfaceOrientationPortrait UIInterfaceOrientationPortraitUpsideDown UIInterfaceOrientationLandscapeLeft UIInterfaceOrientationLandscapeRight";
				INFOPLIST_KEY_UISupportedInterfaceOrientations_iPhone = "UIInterfaceOrientationPortrait UIInterfaceOrientationLandscapeLeft UIInterfaceOrientationLandscapeRight";
				LD_RUNPATH_SEARCH_PATHS = (
					"$(inherited)",
					"@executable_path/Frameworks",
				);
				MARKETING_VERSION = 1.0;
				PRODUCT_BUNDLE_IDENTIFIER = com.appivate.FlightUIApp;
				PRODUCT_NAME = "$(TARGET_NAME)";
				SWIFT_EMIT_LOC_STRINGS = YES;
				SWIFT_VERSION = 5.0;
				TARGETED_DEVICE_FAMILY = "1,2";
			};
			name = Release;
		};
		F7A0FC2C293A0EDE0012899D /* Debug */ = {
			isa = XCBuildConfiguration;
			buildSettings = {
				ALWAYS_EMBED_SWIFT_STANDARD_LIBRARIES = YES;
				BUNDLE_LOADER = "$(TEST_HOST)";
				CODE_SIGN_STYLE = Automatic;
				CURRENT_PROJECT_VERSION = 1;
				DEVELOPMENT_TEAM = 5PRV5PD957;
				GENERATE_INFOPLIST_FILE = YES;
				IPHONEOS_DEPLOYMENT_TARGET = 16.1;
				MARKETING_VERSION = 1.0;
				PRODUCT_BUNDLE_IDENTIFIER = com.appivate.FlightUIAppTests;
				PRODUCT_NAME = "$(TARGET_NAME)";
				SWIFT_EMIT_LOC_STRINGS = NO;
				SWIFT_VERSION = 5.0;
				TARGETED_DEVICE_FAMILY = "1,2";
				TEST_HOST = "$(BUILT_PRODUCTS_DIR)/FlightUIApp.app/$(BUNDLE_EXECUTABLE_FOLDER_PATH)/FlightUIApp";
			};
			name = Debug;
		};
		F7A0FC2D293A0EDE0012899D /* Release */ = {
			isa = XCBuildConfiguration;
			buildSettings = {
				ALWAYS_EMBED_SWIFT_STANDARD_LIBRARIES = YES;
				BUNDLE_LOADER = "$(TEST_HOST)";
				CODE_SIGN_STYLE = Automatic;
				CURRENT_PROJECT_VERSION = 1;
				DEVELOPMENT_TEAM = 5PRV5PD957;
				GENERATE_INFOPLIST_FILE = YES;
				IPHONEOS_DEPLOYMENT_TARGET = 16.1;
				MARKETING_VERSION = 1.0;
				PRODUCT_BUNDLE_IDENTIFIER = com.appivate.FlightUIAppTests;
				PRODUCT_NAME = "$(TARGET_NAME)";
				SWIFT_EMIT_LOC_STRINGS = NO;
				SWIFT_VERSION = 5.0;
				TARGETED_DEVICE_FAMILY = "1,2";
				TEST_HOST = "$(BUILT_PRODUCTS_DIR)/FlightUIApp.app/$(BUNDLE_EXECUTABLE_FOLDER_PATH)/FlightUIApp";
			};
			name = Release;
		};
		F7A0FC2F293A0EDE0012899D /* Debug */ = {
			isa = XCBuildConfiguration;
			buildSettings = {
				ALWAYS_EMBED_SWIFT_STANDARD_LIBRARIES = YES;
				CODE_SIGN_STYLE = Automatic;
				CURRENT_PROJECT_VERSION = 1;
				DEVELOPMENT_TEAM = 5PRV5PD957;
				GENERATE_INFOPLIST_FILE = YES;
				MARKETING_VERSION = 1.0;
				PRODUCT_BUNDLE_IDENTIFIER = com.appivate.FlightUIAppUITests;
				PRODUCT_NAME = "$(TARGET_NAME)";
				SWIFT_EMIT_LOC_STRINGS = NO;
				SWIFT_VERSION = 5.0;
				TARGETED_DEVICE_FAMILY = "1,2";
				TEST_TARGET_NAME = FlightUIApp;
			};
			name = Debug;
		};
		F7A0FC30293A0EDE0012899D /* Release */ = {
			isa = XCBuildConfiguration;
			buildSettings = {
				ALWAYS_EMBED_SWIFT_STANDARD_LIBRARIES = YES;
				CODE_SIGN_STYLE = Automatic;
				CURRENT_PROJECT_VERSION = 1;
				DEVELOPMENT_TEAM = 5PRV5PD957;
				GENERATE_INFOPLIST_FILE = YES;
				MARKETING_VERSION = 1.0;
				PRODUCT_BUNDLE_IDENTIFIER = com.appivate.FlightUIAppUITests;
				PRODUCT_NAME = "$(TARGET_NAME)";
				SWIFT_EMIT_LOC_STRINGS = NO;
				SWIFT_VERSION = 5.0;
				TARGETED_DEVICE_FAMILY = "1,2";
				TEST_TARGET_NAME = FlightUIApp;
			};
			name = Release;
		};
/* End XCBuildConfiguration section */

/* Begin XCConfigurationList section */
		F7A0FBFF293A0EDD0012899D /* Build configuration list for PBXProject "FlightUIApp" */ = {
			isa = XCConfigurationList;
			buildConfigurations = (
				F7A0FC26293A0EDE0012899D /* Debug */,
				F7A0FC27293A0EDE0012899D /* Release */,
			);
			defaultConfigurationIsVisible = 0;
			defaultConfigurationName = Release;
		};
		F7A0FC28293A0EDE0012899D /* Build configuration list for PBXNativeTarget "FlightUIApp" */ = {
			isa = XCConfigurationList;
			buildConfigurations = (
				F7A0FC29293A0EDE0012899D /* Debug */,
				F7A0FC2A293A0EDE0012899D /* Release */,
			);
			defaultConfigurationIsVisible = 0;
			defaultConfigurationName = Release;
		};
		F7A0FC2B293A0EDE0012899D /* Build configuration list for PBXNativeTarget "FlightUIAppTests" */ = {
			isa = XCConfigurationList;
			buildConfigurations = (
				F7A0FC2C293A0EDE0012899D /* Debug */,
				F7A0FC2D293A0EDE0012899D /* Release */,
			);
			defaultConfigurationIsVisible = 0;
			defaultConfigurationName = Release;
		};
		F7A0FC2E293A0EDE0012899D /* Build configuration list for PBXNativeTarget "FlightUIAppUITests" */ = {
			isa = XCConfigurationList;
			buildConfigurations = (
				F7A0FC2F293A0EDE0012899D /* Debug */,
				F7A0FC30293A0EDE0012899D /* Release */,
			);
			defaultConfigurationIsVisible = 0;
			defaultConfigurationName = Release;
		};
/* End XCConfigurationList section */
	};
	rootObject = F7A0FBFC293A0EDD0012899D /* Project object */;
}
