// !$*UTF8*$!
{
	archiveVersion = 1;
	classes = {
	};
	objectVersion = 56;
	objects = {

/* Begin PBXBuildFile section */
		556931492AC713FD00259236 /* Cards.swift in Sources */ = {isa = PBXBuildFile; fileRef = 556931482AC713FD00259236 /* Cards.swift */; };
		55B64F3B2AC4C01C00AC21F5 /* FlightUI in Frameworks */ = {isa = PBXBuildFile; productRef = 55B64F3A2AC4C01C00AC21F5 /* FlightUI */; };
		837FC6D02986D0F60076C720 /* Colours.swift in Sources */ = {isa = PBXBuildFile; fileRef = 837FC6CF2986D0F60076C720 /* Colours.swift */; };
		837FC6D42986D1900076C720 /* Typography.swift in Sources */ = {isa = PBXBuildFile; fileRef = 837FC6D32986D1900076C720 /* Typography.swift */; };
		838E7E2B2987D873000F691D /* String+Extensions.swift in Sources */ = {isa = PBXBuildFile; fileRef = 838E7E2A2987D873000F691D /* String+Extensions.swift */; };
		838E7E2E2987FBF3000F691D /* Buttons.swift in Sources */ = {isa = PBXBuildFile; fileRef = 838E7E2D2987FBF3000F691D /* Buttons.swift */; };
		83C93DC82986C53C00A911A9 /* Assets.xcassets in Resources */ = {isa = PBXBuildFile; fileRef = 83C93DC72986C53C00A911A9 /* Assets.xcassets */; };
		83C93DCB2986C53C00A911A9 /* Preview Assets.xcassets in Resources */ = {isa = PBXBuildFile; fileRef = 83C93DCA2986C53C00A911A9 /* Preview Assets.xcassets */; };
		AA3C83AF2A3CB5B100A3F40B /* Inputs.swift in Sources */ = {isa = PBXBuildFile; fileRef = AA3C83AE2A3CB5B100A3F40B /* Inputs.swift */; };
		AA3C83B12A3CB78800A3F40B /* Inputs+ViewModel.swift in Sources */ = {isa = PBXBuildFile; fileRef = AA3C83B02A3CB78800A3F40B /* Inputs+ViewModel.swift */; };
		AA3C83B42A3CBE5800A3F40B /* Misc.swift in Sources */ = {isa = PBXBuildFile; fileRef = AA3C83B32A3CBE5800A3F40B /* Misc.swift */; };
		AA3C83B62A3CD34C00A3F40B /* Misc+ViewModel.swift in Sources */ = {isa = PBXBuildFile; fileRef = AA3C83B52A3CD34B00A3F40B /* Misc+ViewModel.swift */; };
		AA3E69102A671900007B6860 /* KitchenSinkApp.swift in Sources */ = {isa = PBXBuildFile; fileRef = AA3E690F2A671900007B6860 /* KitchenSinkApp.swift */; };
		AA4832C22A8E1DCD004B5F45 /* HeadingView.swift in Sources */ = {isa = PBXBuildFile; fileRef = AA4832C12A8E1DCD004B5F45 /* HeadingView.swift */; };
		AA4D62A52A4EE6E9009303DF /* Spacing.swift in Sources */ = {isa = PBXBuildFile; fileRef = AA4D62A42A4EE6E9009303DF /* Spacing.swift */; };
		AABAD73D2A473C0E00967197 /* Color+Extensions.swift in Sources */ = {isa = PBXBuildFile; fileRef = AABAD73C2A473C0E00967197 /* Color+Extensions.swift */; };
/* End PBXBuildFile section */

/* Begin PBXFileReference section */
		556931482AC713FD00259236 /* Cards.swift */ = {isa = PBXFileReference; lastKnownFileType = sourcecode.swift; path = Cards.swift; sourceTree = "<group>"; };
		55B64F392AC4BEEF00AC21F5 /* flight-ui-ios */ = {isa = PBXFileReference; lastKnownFileType = wrapper; name = "flight-ui-ios"; path = ..; sourceTree = "<group>"; };
		837FC6CF2986D0F60076C720 /* Colours.swift */ = {isa = PBXFileReference; lastKnownFileType = sourcecode.swift; path = Colours.swift; sourceTree = "<group>"; };
		837FC6D32986D1900076C720 /* Typography.swift */ = {isa = PBXFileReference; lastKnownFileType = sourcecode.swift; path = Typography.swift; sourceTree = "<group>"; };
		838E7E2A2987D873000F691D /* String+Extensions.swift */ = {isa = PBXFileReference; lastKnownFileType = sourcecode.swift; path = "String+Extensions.swift"; sourceTree = "<group>"; };
		838E7E2D2987FBF3000F691D /* Buttons.swift */ = {isa = PBXFileReference; lastKnownFileType = sourcecode.swift; path = Buttons.swift; sourceTree = "<group>"; };
		83C93DC02986C53A00A911A9 /* Kitchen Sink.app */ = {isa = PBXFileReference; explicitFileType = wrapper.application; includeInIndex = 0; path = "Kitchen Sink.app"; sourceTree = BUILT_PRODUCTS_DIR; };
		83C93DC72986C53C00A911A9 /* Assets.xcassets */ = {isa = PBXFileReference; lastKnownFileType = folder.assetcatalog; path = Assets.xcassets; sourceTree = "<group>"; };
		83C93DCA2986C53C00A911A9 /* Preview Assets.xcassets */ = {isa = PBXFileReference; lastKnownFileType = folder.assetcatalog; path = "Preview Assets.xcassets"; sourceTree = "<group>"; };
		AA3C83AE2A3CB5B100A3F40B /* Inputs.swift */ = {isa = PBXFileReference; lastKnownFileType = sourcecode.swift; path = Inputs.swift; sourceTree = "<group>"; };
		AA3C83B02A3CB78800A3F40B /* Inputs+ViewModel.swift */ = {isa = PBXFileReference; lastKnownFileType = sourcecode.swift; path = "Inputs+ViewModel.swift"; sourceTree = "<group>"; };
		AA3C83B32A3CBE5800A3F40B /* Misc.swift */ = {isa = PBXFileReference; lastKnownFileType = sourcecode.swift; path = Misc.swift; sourceTree = "<group>"; };
		AA3C83B52A3CD34B00A3F40B /* Misc+ViewModel.swift */ = {isa = PBXFileReference; lastKnownFileType = sourcecode.swift; path = "Misc+ViewModel.swift"; sourceTree = "<group>"; };
		AA3E690F2A671900007B6860 /* KitchenSinkApp.swift */ = {isa = PBXFileReference; fileEncoding = 4; lastKnownFileType = sourcecode.swift; path = KitchenSinkApp.swift; sourceTree = "<group>"; };
		AA4832C12A8E1DCD004B5F45 /* HeadingView.swift */ = {isa = PBXFileReference; lastKnownFileType = sourcecode.swift; path = HeadingView.swift; sourceTree = "<group>"; };
		AA4D62A42A4EE6E9009303DF /* Spacing.swift */ = {isa = PBXFileReference; lastKnownFileType = sourcecode.swift; path = Spacing.swift; sourceTree = "<group>"; };
		AABAD73C2A473C0E00967197 /* Color+Extensions.swift */ = {isa = PBXFileReference; lastKnownFileType = sourcecode.swift; path = "Color+Extensions.swift"; sourceTree = "<group>"; };
/* End PBXFileReference section */

/* Begin PBXFrameworksBuildPhase section */
		83C93DBD2986C53A00A911A9 /* Frameworks */ = {
			isa = PBXFrameworksBuildPhase;
			buildActionMask = 2147483647;
			files = (
				55B64F3B2AC4C01C00AC21F5 /* FlightUI in Frameworks */,
			);
			runOnlyForDeploymentPostprocessing = 0;
		};
/* End PBXFrameworksBuildPhase section */

/* Begin PBXGroup section */
		556931472AC713F100259236 /* Styles */ = {
			isa = PBXGroup;
			children = (
				837FC6D32986D1900076C720 /* Typography.swift */,
				837FC6CF2986D0F60076C720 /* Colours.swift */,
				AA4D62A42A4EE6E9009303DF /* Spacing.swift */,
			);
			path = Styles;
			sourceTree = "<group>";
		};
		55B64F382AC4BEEF00AC21F5 /* Packages */ = {
			isa = PBXGroup;
			children = (
				55B64F392AC4BEEF00AC21F5 /* flight-ui-ios */,
			);
			name = Packages;
			sourceTree = "<group>";
		};
		837FC6CE2986D0C70076C720 /* App */ = {
			isa = PBXGroup;
			children = (
				AA3E690F2A671900007B6860 /* KitchenSinkApp.swift */,
			);
			path = App;
			sourceTree = "<group>";
		};
		837FC6D72986D2620076C720 /* Frameworks */ = {
			isa = PBXGroup;
			children = (
			);
			name = Frameworks;
			sourceTree = "<group>";
		};
		838E7E292987D85B000F691D /* Extensions */ = {
			isa = PBXGroup;
			children = (
				838E7E2A2987D873000F691D /* String+Extensions.swift */,
				AABAD73C2A473C0E00967197 /* Color+Extensions.swift */,
			);
			path = Extensions;
			sourceTree = "<group>";
		};
		83C93DB72986C53A00A911A9 = {
			isa = PBXGroup;
			children = (
				55B64F382AC4BEEF00AC21F5 /* Packages */,
				83C93DC22986C53A00A911A9 /* Kitchen Sink */,
				83C93DC12986C53A00A911A9 /* Products */,
				837FC6D72986D2620076C720 /* Frameworks */,
			);
			sourceTree = "<group>";
		};
		83C93DC12986C53A00A911A9 /* Products */ = {
			isa = PBXGroup;
			children = (
				83C93DC02986C53A00A911A9 /* Kitchen Sink.app */,
			);
			name = Products;
			sourceTree = "<group>";
		};
		83C93DC22986C53A00A911A9 /* Kitchen Sink */ = {
			isa = PBXGroup;
			children = (
				837FC6CE2986D0C70076C720 /* App */,
				AA5B17522AF900F600D7A9EF /* Components */,
				838E7E292987D85B000F691D /* Extensions */,
				556931472AC713F100259236 /* Styles */,
				AA4832C02A8E1DA6004B5F45 /* Utils */,
				83C93DC72986C53C00A911A9 /* Assets.xcassets */,
				83C93DC92986C53C00A911A9 /* Preview Content */,
			);
			path = "Kitchen Sink";
			sourceTree = "<group>";
		};
		83C93DC92986C53C00A911A9 /* Preview Content */ = {
			isa = PBXGroup;
			children = (
				83C93DCA2986C53C00A911A9 /* Preview Assets.xcassets */,
			);
			path = "Preview Content";
			sourceTree = "<group>";
		};
		AA3C83B22A3CBE4600A3F40B /* Misc */ = {
			isa = PBXGroup;
			children = (
				AA3C83B32A3CBE5800A3F40B /* Misc.swift */,
				AA3C83B52A3CD34B00A3F40B /* Misc+ViewModel.swift */,
			);
			path = Misc;
			sourceTree = "<group>";
		};
		AA4832C02A8E1DA6004B5F45 /* Utils */ = {
			isa = PBXGroup;
			children = (
				AA4832C12A8E1DCD004B5F45 /* HeadingView.swift */,
			);
			path = Utils;
			sourceTree = "<group>";
		};
		AA5B17522AF900F600D7A9EF /* Components */ = {
			isa = PBXGroup;
			children = (
				838E7E2D2987FBF3000F691D /* Buttons.swift */,
				556931482AC713FD00259236 /* Cards.swift */,
				AA3C83AE2A3CB5B100A3F40B /* Inputs.swift */,
				AA3C83B02A3CB78800A3F40B /* Inputs+ViewModel.swift */,
				AA3C83B22A3CBE4600A3F40B /* Misc */,
			);
			path = Components;
			sourceTree = "<group>";
		};
/* End PBXGroup section */

/* Begin PBXNativeTarget section */
		83C93DBF2986C53A00A911A9 /* Kitchen Sink */ = {
			isa = PBXNativeTarget;
			buildConfigurationList = 83C93DE42986C53D00A911A9 /* Build configuration list for PBXNativeTarget "Kitchen Sink" */;
			buildPhases = (
				83C93DBC2986C53A00A911A9 /* Sources */,
				83C93DBD2986C53A00A911A9 /* Frameworks */,
				83C93DBE2986C53A00A911A9 /* Resources */,
			);
			buildRules = (
			);
			dependencies = (
			);
			name = "Kitchen Sink";
			packageProductDependencies = (
				55B64F3A2AC4C01C00AC21F5 /* FlightUI */,
			);
			productName = "Kitchen Sink";
			productReference = 83C93DC02986C53A00A911A9 /* Kitchen Sink.app */;
			productType = "com.apple.product-type.application";
		};
/* End PBXNativeTarget section */

/* Begin PBXProject section */
		83C93DB82986C53A00A911A9 /* Project object */ = {
			isa = PBXProject;
			attributes = {
				BuildIndependentTargetsInParallel = 1;
				LastSwiftUpdateCheck = 1420;
				LastUpgradeCheck = 1420;
				TargetAttributes = {
					83C93DBF2986C53A00A911A9 = {
						CreatedOnToolsVersion = 14.2;
					};
				};
			};
			buildConfigurationList = 83C93DBB2986C53A00A911A9 /* Build configuration list for PBXProject "Kitchen Sink" */;
			compatibilityVersion = "Xcode 14.0";
			developmentRegion = en;
			hasScannedForEncodings = 0;
			knownRegions = (
				en,
				Base,
			);
			mainGroup = 83C93DB72986C53A00A911A9;
			packageReferences = (
			);
			productRefGroup = 83C93DC12986C53A00A911A9 /* Products */;
			projectDirPath = "";
			projectRoot = "";
			targets = (
				83C93DBF2986C53A00A911A9 /* Kitchen Sink */,
			);
		};
/* End PBXProject section */

/* Begin PBXResourcesBuildPhase section */
		83C93DBE2986C53A00A911A9 /* Resources */ = {
			isa = PBXResourcesBuildPhase;
			buildActionMask = 2147483647;
			files = (
				83C93DCB2986C53C00A911A9 /* Preview Assets.xcassets in Resources */,
				83C93DC82986C53C00A911A9 /* Assets.xcassets in Resources */,
			);
			runOnlyForDeploymentPostprocessing = 0;
		};
/* End PBXResourcesBuildPhase section */

/* Begin PBXSourcesBuildPhase section */
		83C93DBC2986C53A00A911A9 /* Sources */ = {
			isa = PBXSourcesBuildPhase;
			buildActionMask = 2147483647;
			files = (
				837FC6D42986D1900076C720 /* Typography.swift in Sources */,
				838E7E2E2987FBF3000F691D /* Buttons.swift in Sources */,
				AA3C83B42A3CBE5800A3F40B /* Misc.swift in Sources */,
				AA3C83AF2A3CB5B100A3F40B /* Inputs.swift in Sources */,
				AA4D62A52A4EE6E9009303DF /* Spacing.swift in Sources */,
				AA3E69102A671900007B6860 /* KitchenSinkApp.swift in Sources */,
				AABAD73D2A473C0E00967197 /* Color+Extensions.swift in Sources */,
				837FC6D02986D0F60076C720 /* Colours.swift in Sources */,
				AA4832C22A8E1DCD004B5F45 /* HeadingView.swift in Sources */,
				556931492AC713FD00259236 /* Cards.swift in Sources */,
				838E7E2B2987D873000F691D /* String+Extensions.swift in Sources */,
				AA3C83B62A3CD34C00A3F40B /* Misc+ViewModel.swift in Sources */,
				AA3C83B12A3CB78800A3F40B /* Inputs+ViewModel.swift in Sources */,
			);
			runOnlyForDeploymentPostprocessing = 0;
		};
/* End PBXSourcesBuildPhase section */

/* Begin XCBuildConfiguration section */
		83C93DE22986C53D00A911A9 /* Debug */ = {
			isa = XCBuildConfiguration;
			buildSettings = {
				ALWAYS_SEARCH_USER_PATHS = NO;
				CLANG_ANALYZER_NONNULL = YES;
				CLANG_ANALYZER_NUMBER_OBJECT_CONVERSION = YES_AGGRESSIVE;
				CLANG_CXX_LANGUAGE_STANDARD = "gnu++20";
				CLANG_ENABLE_MODULES = YES;
				CLANG_ENABLE_OBJC_ARC = YES;
				CLANG_ENABLE_OBJC_WEAK = YES;
				CLANG_WARN_BLOCK_CAPTURE_AUTORELEASING = YES;
				CLANG_WARN_BOOL_CONVERSION = YES;
				CLANG_WARN_COMMA = YES;
				CLANG_WARN_CONSTANT_CONVERSION = YES;
				CLANG_WARN_DEPRECATED_OBJC_IMPLEMENTATIONS = YES;
				CLANG_WARN_DIRECT_OBJC_ISA_USAGE = YES_ERROR;
				CLANG_WARN_DOCUMENTATION_COMMENTS = YES;
				CLANG_WARN_EMPTY_BODY = YES;
				CLANG_WARN_ENUM_CONVERSION = YES;
				CLANG_WARN_INFINITE_RECURSION = YES;
				CLANG_WARN_INT_CONVERSION = YES;
				CLANG_WARN_NON_LITERAL_NULL_CONVERSION = YES;
				CLANG_WARN_OBJC_IMPLICIT_RETAIN_SELF = YES;
				CLANG_WARN_OBJC_LITERAL_CONVERSION = YES;
				CLANG_WARN_OBJC_ROOT_CLASS = YES_ERROR;
				CLANG_WARN_QUOTED_INCLUDE_IN_FRAMEWORK_HEADER = YES;
				CLANG_WARN_RANGE_LOOP_ANALYSIS = YES;
				CLANG_WARN_STRICT_PROTOTYPES = YES;
				CLANG_WARN_SUSPICIOUS_MOVE = YES;
				CLANG_WARN_UNGUARDED_AVAILABILITY = YES_AGGRESSIVE;
				CLANG_WARN_UNREACHABLE_CODE = YES;
				CLANG_WARN__DUPLICATE_METHOD_MATCH = YES;
				COPY_PHASE_STRIP = NO;
				DEBUG_INFORMATION_FORMAT = dwarf;
				ENABLE_STRICT_OBJC_MSGSEND = YES;
				ENABLE_TESTABILITY = YES;
				ENABLE_TESTING_SEARCH_PATHS = YES;
				GCC_C_LANGUAGE_STANDARD = gnu11;
				GCC_DYNAMIC_NO_PIC = NO;
				GCC_NO_COMMON_BLOCKS = YES;
				GCC_OPTIMIZATION_LEVEL = 0;
				GCC_PREPROCESSOR_DEFINITIONS = (
					"DEBUG=1",
					"$(inherited)",
				);
				GCC_WARN_64_TO_32_BIT_CONVERSION = YES;
				GCC_WARN_ABOUT_RETURN_TYPE = YES_ERROR;
				GCC_WARN_UNDECLARED_SELECTOR = YES;
				GCC_WARN_UNINITIALIZED_AUTOS = YES_AGGRESSIVE;
				GCC_WARN_UNUSED_FUNCTION = YES;
				GCC_WARN_UNUSED_VARIABLE = YES;
				INFOPLIST_KEY_UIUserInterfaceStyle = Dark;
				IPHONEOS_DEPLOYMENT_TARGET = 16.2;
				MTL_ENABLE_DEBUG_INFO = INCLUDE_SOURCE;
				MTL_FAST_MATH = YES;
				ONLY_ACTIVE_ARCH = YES;
				SDKROOT = iphoneos;
				SWIFT_ACTIVE_COMPILATION_CONDITIONS = DEBUG;
				SWIFT_OPTIMIZATION_LEVEL = "-Onone";
			};
			name = Debug;
		};
		83C93DE32986C53D00A911A9 /* Release */ = {
			isa = XCBuildConfiguration;
			buildSettings = {
				ALWAYS_SEARCH_USER_PATHS = NO;
				CLANG_ANALYZER_NONNULL = YES;
				CLANG_ANALYZER_NUMBER_OBJECT_CONVERSION = YES_AGGRESSIVE;
				CLANG_CXX_LANGUAGE_STANDARD = "gnu++20";
				CLANG_ENABLE_MODULES = YES;
				CLANG_ENABLE_OBJC_ARC = YES;
				CLANG_ENABLE_OBJC_WEAK = YES;
				CLANG_WARN_BLOCK_CAPTURE_AUTORELEASING = YES;
				CLANG_WARN_BOOL_CONVERSION = YES;
				CLANG_WARN_COMMA = YES;
				CLANG_WARN_CONSTANT_CONVERSION = YES;
				CLANG_WARN_DEPRECATED_OBJC_IMPLEMENTATIONS = YES;
				CLANG_WARN_DIRECT_OBJC_ISA_USAGE = YES_ERROR;
				CLANG_WARN_DOCUMENTATION_COMMENTS = YES;
				CLANG_WARN_EMPTY_BODY = YES;
				CLANG_WARN_ENUM_CONVERSION = YES;
				CLANG_WARN_INFINITE_RECURSION = YES;
				CLANG_WARN_INT_CONVERSION = YES;
				CLANG_WARN_NON_LITERAL_NULL_CONVERSION = YES;
				CLANG_WARN_OBJC_IMPLICIT_RETAIN_SELF = YES;
				CLANG_WARN_OBJC_LITERAL_CONVERSION = YES;
				CLANG_WARN_OBJC_ROOT_CLASS = YES_ERROR;
				CLANG_WARN_QUOTED_INCLUDE_IN_FRAMEWORK_HEADER = YES;
				CLANG_WARN_RANGE_LOOP_ANALYSIS = YES;
				CLANG_WARN_STRICT_PROTOTYPES = YES;
				CLANG_WARN_SUSPICIOUS_MOVE = YES;
				CLANG_WARN_UNGUARDED_AVAILABILITY = YES_AGGRESSIVE;
				CLANG_WARN_UNREACHABLE_CODE = YES;
				CLANG_WARN__DUPLICATE_METHOD_MATCH = YES;
				COPY_PHASE_STRIP = NO;
				DEBUG_INFORMATION_FORMAT = "dwarf-with-dsym";
				ENABLE_NS_ASSERTIONS = NO;
				ENABLE_STRICT_OBJC_MSGSEND = YES;
				ENABLE_TESTING_SEARCH_PATHS = YES;
				GCC_C_LANGUAGE_STANDARD = gnu11;
				GCC_NO_COMMON_BLOCKS = YES;
				GCC_WARN_64_TO_32_BIT_CONVERSION = YES;
				GCC_WARN_ABOUT_RETURN_TYPE = YES_ERROR;
				GCC_WARN_UNDECLARED_SELECTOR = YES;
				GCC_WARN_UNINITIALIZED_AUTOS = YES_AGGRESSIVE;
				GCC_WARN_UNUSED_FUNCTION = YES;
				GCC_WARN_UNUSED_VARIABLE = YES;
				INFOPLIST_KEY_UIUserInterfaceStyle = Dark;
				IPHONEOS_DEPLOYMENT_TARGET = 16.2;
				MTL_ENABLE_DEBUG_INFO = NO;
				MTL_FAST_MATH = YES;
				SDKROOT = iphoneos;
				SWIFT_COMPILATION_MODE = wholemodule;
				SWIFT_OPTIMIZATION_LEVEL = "-O";
				VALIDATE_PRODUCT = YES;
			};
			name = Release;
		};
		83C93DE52986C53D00A911A9 /* Debug */ = {
			isa = XCBuildConfiguration;
			buildSettings = {
				ASSETCATALOG_COMPILER_APPICON_NAME = AppIcon;
				ASSETCATALOG_COMPILER_GLOBAL_ACCENT_COLOR_NAME = AccentColor;
				CODE_SIGN_STYLE = Automatic;
				CURRENT_PROJECT_VERSION = 1;
				DEVELOPMENT_ASSET_PATHS = "\"Kitchen Sink/Preview Content\"";
				DEVELOPMENT_TEAM = 5PRV5PD957;
				ENABLE_PREVIEWS = YES;
				GENERATE_INFOPLIST_FILE = YES;
				INFOPLIST_KEY_CFBundleDisplayName = "Kitchen Sink";
				INFOPLIST_KEY_LSApplicationCategoryType = "public.app-category.utilities";
				INFOPLIST_KEY_UIApplicationSceneManifest_Generation = YES;
				INFOPLIST_KEY_UIApplicationSupportsIndirectInputEvents = YES;
				INFOPLIST_KEY_UILaunchScreen_Generation = YES;
				INFOPLIST_KEY_UISupportedInterfaceOrientations = "UIInterfaceOrientationLandscapeLeft UIInterfaceOrientationLandscapeRight UIInterfaceOrientationPortrait UIInterfaceOrientationPortraitUpsideDown";
				INFOPLIST_KEY_UIUserInterfaceStyle = Dark;
				LD_RUNPATH_SEARCH_PATHS = (
					"$(inherited)",
					"@executable_path/Frameworks",
				);
				MARKETING_VERSION = 0.0.1;
				PRODUCT_BUNDLE_IDENTIFIER = "com.appivate.flightui-kitchen-sink";
				PRODUCT_NAME = "$(TARGET_NAME)";
				SUPPORTED_PLATFORMS = "iphoneos iphonesimulator";
				SUPPORTS_MACCATALYST = NO;
				SUPPORTS_MAC_DESIGNED_FOR_IPHONE_IPAD = YES;
				SWIFT_EMIT_LOC_STRINGS = YES;
				SWIFT_VERSION = 5.0;
				TARGETED_DEVICE_FAMILY = 2;
			};
			name = Debug;
		};
		83C93DE62986C53D00A911A9 /* Release */ = {
			isa = XCBuildConfiguration;
			buildSettings = {
				ASSETCATALOG_COMPILER_APPICON_NAME = AppIcon;
				ASSETCATALOG_COMPILER_GLOBAL_ACCENT_COLOR_NAME = AccentColor;
				CODE_SIGN_STYLE = Automatic;
				CURRENT_PROJECT_VERSION = 1;
				DEVELOPMENT_ASSET_PATHS = "\"Kitchen Sink/Preview Content\"";
				DEVELOPMENT_TEAM = 5PRV5PD957;
				ENABLE_PREVIEWS = YES;
				GENERATE_INFOPLIST_FILE = YES;
				INFOPLIST_KEY_CFBundleDisplayName = "Kitchen Sink";
				INFOPLIST_KEY_LSApplicationCategoryType = "public.app-category.utilities";
				INFOPLIST_KEY_UIApplicationSceneManifest_Generation = YES;
				INFOPLIST_KEY_UIApplicationSupportsIndirectInputEvents = YES;
				INFOPLIST_KEY_UILaunchScreen_Generation = YES;
				INFOPLIST_KEY_UISupportedInterfaceOrientations = "UIInterfaceOrientationLandscapeLeft UIInterfaceOrientationLandscapeRight UIInterfaceOrientationPortrait UIInterfaceOrientationPortraitUpsideDown";
				INFOPLIST_KEY_UIUserInterfaceStyle = Dark;
				LD_RUNPATH_SEARCH_PATHS = (
					"$(inherited)",
					"@executable_path/Frameworks",
				);
				MARKETING_VERSION = 0.0.1;
				PRODUCT_BUNDLE_IDENTIFIER = "com.appivate.flightui-kitchen-sink";
				PRODUCT_NAME = "$(TARGET_NAME)";
				SUPPORTED_PLATFORMS = "iphoneos iphonesimulator";
				SUPPORTS_MACCATALYST = NO;
				SUPPORTS_MAC_DESIGNED_FOR_IPHONE_IPAD = YES;
				SWIFT_EMIT_LOC_STRINGS = YES;
				SWIFT_VERSION = 5.0;
				TARGETED_DEVICE_FAMILY = 2;
			};
			name = Release;
		};
/* End XCBuildConfiguration section */

/* Begin XCConfigurationList section */
		83C93DBB2986C53A00A911A9 /* Build configuration list for PBXProject "Kitchen Sink" */ = {
			isa = XCConfigurationList;
			buildConfigurations = (
				83C93DE22986C53D00A911A9 /* Debug */,
				83C93DE32986C53D00A911A9 /* Release */,
			);
			defaultConfigurationIsVisible = 0;
			defaultConfigurationName = Release;
		};
		83C93DE42986C53D00A911A9 /* Build configuration list for PBXNativeTarget "Kitchen Sink" */ = {
			isa = XCConfigurationList;
			buildConfigurations = (
				83C93DE52986C53D00A911A9 /* Debug */,
				83C93DE62986C53D00A911A9 /* Release */,
			);
			defaultConfigurationIsVisible = 0;
			defaultConfigurationName = Release;
		};
/* End XCConfigurationList section */

/* Begin XCSwiftPackageProductDependency section */
		55B64F3A2AC4C01C00AC21F5 /* FlightUI */ = {
			isa = XCSwiftPackageProductDependency;
			productName = FlightUI;
		};
/* End XCSwiftPackageProductDependency section */
	};
	rootObject = 83C93DB82986C53A00A911A9 /* Project object */;
}
